
Microsoft Visual Studio Solution File, Format Version 12.00
# Visual Studio 2012
Project("{8BC9CEB8-8B4A-11D0-8D11-00A0C91BC942}") = "Testas 7 Ernestas", "Testas 7 Ernestas.vcxproj", "{0EBC37F6-B852-47D8-8033-B0617452B517}"
EndProject
Global
	GlobalSection(SolutionConfigurationPlatforms) = preSolution
		Debug|Win32 = Debug|Win32
		Release|Win32 = Release|Win32
	EndGlobalSection
	GlobalSection(ProjectConfigurationPlatforms) = postSolution
		{0EBC37F6-B852-47D8-8033-B0617452B517}.Debug|Win32.ActiveCfg = Debug|Win32
		{0EBC37F6-B852-47D8-8033-B0617452B517}.Debug|Win32.Build.0 = Debug|Win32
		{0EBC37F6-B852-47D8-8033-B0617452B517}.Release|Win32.ActiveCfg = Release|Win32
		{0EBC37F6-B852-47D8-8033-B0617452B517}.Release|Win32.Build.0 = Release|Win32
	EndGlobalSection
	GlobalSection(SolutionProperties) = preSolution
		HideSolutionNode = FALSE
	EndGlobalSection
EndGlobal
